
Microsoft Visual Studio Solution File, Format Version 12.00
# Visual Studio 14
VisualStudioVersion = 14.0.25420.1
MinimumVisualStudioVersion = 10.0.40219.1
Project("{FAE04EC0-301F-11D3-BF4B-00C04F79EFBC}") = "XML Login", "XML Login\XML Login.csproj", "{D71BBFC7-9E4C-4198-8C7D-755B79747EE6}"
EndProject
Project("{2150E333-8FDC-42A3-9474-1A3956D46DE8}") = "Solution Items", "Solution Items", "{16BFE066-BDFE-43CC-89A3-03FF3F31B733}"
	ProjectSection(SolutionItems) = preProject
		Users.xml = Users.xml
	EndProjectSection
EndProject
Global
	GlobalSection(SolutionConfigurationPlatforms) = preSolution
		Debug|Any CPU = Debug|Any CPU
		Release|Any CPU = Release|Any CPU
	EndGlobalSection
	GlobalSection(ProjectConfigurationPlatforms) = postSolution
		{D71BBFC7-9E4C-4198-8C7D-755B79747EE6}.Debug|Any CPU.ActiveCfg = Debug|Any CPU
		{D71BBFC7-9E4C-4198-8C7D-755B79747EE6}.Debug|Any CPU.Build.0 = Debug|Any CPU
		{D71BBFC7-9E4C-4198-8C7D-755B79747EE6}.Release|Any CPU.ActiveCfg = Release|Any CPU
		{D71BBFC7-9E4C-4198-8C7D-755B79747EE6}.Release|Any CPU.Build.0 = Release|Any CPU
	EndGlobalSection
	GlobalSection(SolutionProperties) = preSolution
		HideSolutionNode = FALSE
	EndGlobalSection
EndGlobal
